
Microsoft Visual Studio Solution File, Format Version 12.00
# Visual Studio Version 16
VisualStudioVersion = 16.0.31112.23
MinimumVisualStudioVersion = 10.0.40219.1
Project("{FAE04EC0-301F-11D3-BF4B-00C04F79EFBC}") = "BattleNotifications.Api", "BattleNotifications.Api\BattleNotifications.Api.csproj", "{3D948601-D05D-4E46-A1D2-36E037AB3518}"
EndProject
Project("{FAE04EC0-301F-11D3-BF4B-00C04F79EFBC}") = "BattleNotifications.Contracts", "BattleNotifications.Contracts\BattleNotifications.Contracts.csproj", "{6CA9E327-9A8A-446D-961F-081E61EF0FE3}"
EndProject
Project("{FAE04EC0-301F-11D3-BF4B-00C04F79EFBC}") = "BattleNotifications.Service", "BattleNotifications.Service\BattleNotifications.Service.csproj", "{03757FCE-807F-42C3-8D39-A31A9E5D932F}"
EndProject
Global
	GlobalSection(SolutionConfigurationPlatforms) = preSolution
		Debug|Any CPU = Debug|Any CPU
		Release|Any CPU = Release|Any CPU
	EndGlobalSection
	GlobalSection(ProjectConfigurationPlatforms) = postSolution
		{3D948601-D05D-4E46-A1D2-36E037AB3518}.Debug|Any CPU.ActiveCfg = Debug|Any CPU
		{3D948601-D05D-4E46-A1D2-36E037AB3518}.Debug|Any CPU.Build.0 = Debug|Any CPU
		{3D948601-D05D-4E46-A1D2-36E037AB3518}.Release|Any CPU.ActiveCfg = Release|Any CPU
		{3D948601-D05D-4E46-A1D2-36E037AB3518}.Release|Any CPU.Build.0 = Release|Any CPU
		{6CA9E327-9A8A-446D-961F-081E61EF0FE3}.Debug|Any CPU.ActiveCfg = Debug|Any CPU
		{6CA9E327-9A8A-446D-961F-081E61EF0FE3}.Debug|Any CPU.Build.0 = Debug|Any CPU
		{6CA9E327-9A8A-446D-961F-081E61EF0FE3}.Release|Any CPU.ActiveCfg = Release|Any CPU
		{6CA9E327-9A8A-446D-961F-081E61EF0FE3}.Release|Any CPU.Build.0 = Release|Any CPU
		{03757FCE-807F-42C3-8D39-A31A9E5D932F}.Debug|Any CPU.ActiveCfg = Debug|Any CPU
		{03757FCE-807F-42C3-8D39-A31A9E5D932F}.Debug|Any CPU.Build.0 = Debug|Any CPU
		{03757FCE-807F-42C3-8D39-A31A9E5D932F}.Release|Any CPU.ActiveCfg = Release|Any CPU
		{03757FCE-807F-42C3-8D39-A31A9E5D932F}.Release|Any CPU.Build.0 = Release|Any CPU
	EndGlobalSection
	GlobalSection(SolutionProperties) = preSolution
		HideSolutionNode = FALSE
	EndGlobalSection
	GlobalSection(ExtensibilityGlobals) = postSolution
		SolutionGuid = {10C1D65F-6221-4DCE-A400-1E60E46BCE45}
	EndGlobalSection
EndGlobal
